
Microsoft Visual Studio Solution File, Format Version 12.00
# Visual Studio Version 16
VisualStudioVersion = 16.0.30804.86
MinimumVisualStudioVersion = 10.0.40219.1
Project("{FAE04EC0-301F-11D3-BF4B-00C04F79EFBC}") = "QcmApp", "QcmApp\QcmApp.csproj", "{BB478DFC-E71B-434D-91BA-EF7CBA50976E}"
EndProject
Global
	GlobalSection(SolutionConfigurationPlatforms) = preSolution
		Debug|Any CPU = Debug|Any CPU
		Release|Any CPU = Release|Any CPU
	EndGlobalSection
	GlobalSection(ProjectConfigurationPlatforms) = postSolution
		{BB478DFC-E71B-434D-91BA-EF7CBA50976E}.Debug|Any CPU.ActiveCfg = Debug|Any CPU
		{BB478DFC-E71B-434D-91BA-EF7CBA50976E}.Debug|Any CPU.Build.0 = Debug|Any CPU
		{BB478DFC-E71B-434D-91BA-EF7CBA50976E}.Release|Any CPU.ActiveCfg = Release|Any CPU
		{BB478DFC-E71B-434D-91BA-EF7CBA50976E}.Release|Any CPU.Build.0 = Release|Any CPU
	EndGlobalSection
	GlobalSection(SolutionProperties) = preSolution
		HideSolutionNode = FALSE
	EndGlobalSection
	GlobalSection(ExtensibilityGlobals) = postSolution
		SolutionGuid = {AC752035-04A8-45E2-83A9-6CE3B6F9A94B}
	EndGlobalSection
EndGlobal
